Microsoft Visual Studio Solution File, Format Version 12.00
# Visual Studio Version 17
VisualStudioVersion = 17.5.2.0
MinimumVisualStudioVersion = 10.0.40219.1
Project("{2150E333-8FDC-42A3-9474-1A3956D46DE8}") = "product-service", "product-service", "{D2AE7E0E-D779-1D1E-C6B0-F4F89EAE84D6}"
EndProject
Project("{FAE04EC0-301F-11D3-BF4B-00C04F79EFBC}") = "ProductService", "product-service\ProductService.csproj", "{76D894D8-C6E8-1948-9C0A-4FE489EF0B7F}"
EndProject
Global
	GlobalSection(SolutionConfigurationPlatforms) = preSolution
		Debug|Any CPU = Debug|Any CPU
		Release|Any CPU = Release|Any CPU
	EndGlobalSection
	GlobalSection(ProjectConfigurationPlatforms) = postSolution
		{76D894D8-C6E8-1948-9C0A-4FE489EF0B7F}.Debug|Any CPU.ActiveCfg = Debug|Any CPU
		{76D894D8-C6E8-1948-9C0A-4FE489EF0B7F}.Debug|Any CPU.Build.0 = Debug|Any CPU
		{76D894D8-C6E8-1948-9C0A-4FE489EF0B7F}.Release|Any CPU.ActiveCfg = Release|Any CPU
		{76D894D8-C6E8-1948-9C0A-4FE489EF0B7F}.Release|Any CPU.Build.0 = Release|Any CPU
	EndGlobalSection
	GlobalSection(SolutionProperties) = preSolution
		HideSolutionNode = FALSE
	EndGlobalSection
	GlobalSection(NestedProjects) = preSolution
		{76D894D8-C6E8-1948-9C0A-4FE489EF0B7F} = {D2AE7E0E-D779-1D1E-C6B0-F4F89EAE84D6}
	EndGlobalSection
	GlobalSection(ExtensibilityGlobals) = postSolution
		SolutionGuid = {111BC6F2-F3A1-4054-8BAB-C78739D51BDB}
	EndGlobalSection
EndGlobal
